// !$*UTF8*$!
{
	archiveVersion = 1;
	classes = {
	};
	objectVersion = 50;
	objects = {

/* Begin PBXBuildFile section */
		3858C5BD22ABE10C00501DB6 /* 8 in Resources */ = {isa = PBXBuildFile; fileRef = 3858C5BC22ABE10B00501DB6 /* 8 */; };
		3858C5BF22ABE3D100501DB6 /* 9 in Resources */ = {isa = PBXBuildFile; fileRef = 3858C5BE22ABE3D100501DB6 /* 9 */; };
		3858C5C122ABE5BA00501DB6 /* 10 in Resources */ = {isa = PBXBuildFile; fileRef = 3858C5C022ABE5BA00501DB6 /* 10 */; };
		3858C5C322ABE7F400501DB6 /* 11 in Resources */ = {isa = PBXBuildFile; fileRef = 3858C5C222ABE7F400501DB6 /* 11 */; };
		3858C5C522ABEA6700501DB6 /* 12 in Resources */ = {isa = PBXBuildFile; fileRef = 3858C5C422ABEA6700501DB6 /* 12 */; };
		3858C5C722ABEEBF00501DB6 /* 13 in Resources */ = {isa = PBXBuildFile; fileRef = 3858C5C622ABEEBF00501DB6 /* 13 */; };
		3858C5C922ABF18300501DB6 /* 14 in Resources */ = {isa = PBXBuildFile; fileRef = 3858C5C822ABF18300501DB6 /* 14 */; };
		3858C5CB22ABFB9A00501DB6 /* 15 in Resources */ = {isa = PBXBuildFile; fileRef = 3858C5CA22ABFB9A00501DB6 /* 15 */; };
		3858C5CD22ABFBA400501DB6 /* 16 in Resources */ = {isa = PBXBuildFile; fileRef = 3858C5CC22ABFBA400501DB6 /* 16 */; };
		38A3240222B0443000DACDCD /* 29 in Resources */ = {isa = PBXBuildFile; fileRef = 38A3240122B0443000DACDCD /* 29 */; };
		38B313012304A72C00CC22F5 /* Crashlytics.framework in Frameworks */ = {isa = PBXBuildFile; fileRef = 38B312FF2304A72C00CC22F5 /* Crashlytics.framework */; };
		38B313022304A72C00CC22F5 /* Fabric.framework in Frameworks */ = {isa = PBXBuildFile; fileRef = 38B313002304A72C00CC22F5 /* Fabric.framework */; };
		38BFB00C22ABA92A00D47E91 /* 5 in Resources */ = {isa = PBXBuildFile; fileRef = 38BFB00B22ABA92900D47E91 /* 5 */; };
		38BFB00E22ABB44900D47E91 /* 6 in Resources */ = {isa = PBXBuildFile; fileRef = 38BFB00D22ABB44800D47E91 /* 6 */; };
		38BFB01022ABB66400D47E91 /* 7 in Resources */ = {isa = PBXBuildFile; fileRef = 38BFB00F22ABB66400D47E91 /* 7 */; };
		38E4638322ADA36D002394A2 /* 17 in Resources */ = {isa = PBXBuildFile; fileRef = 38E4638222ADA36D002394A2 /* 17 */; };
		38E4638522ADA628002394A2 /* 18 in Resources */ = {isa = PBXBuildFile; fileRef = 38E4638422ADA628002394A2 /* 18 */; };
		38E4638822ADAACD002394A2 /* 20 in Resources */ = {isa = PBXBuildFile; fileRef = 38E4638622ADAACD002394A2 /* 20 */; };
		38E4638922ADAACD002394A2 /* 19 in Resources */ = {isa = PBXBuildFile; fileRef = 38E4638722ADAACD002394A2 /* 19 */; };
		38F029AC22AEEFDE0030F247 /* 21 in Resources */ = {isa = PBXBuildFile; fileRef = 38F029AA22AEEFDE0030F247 /* 21 */; };
		38F029AD22AEEFDE0030F247 /* 22 in Resources */ = {isa = PBXBuildFile; fileRef = 38F029AB22AEEFDE0030F247 /* 22 */; };
		38F029AF22AEF1EB0030F247 /* 23 in Resources */ = {isa = PBXBuildFile; fileRef = 38F029AE22AEF1EB0030F247 /* 23 */; };
		38F029B122AEF35C0030F247 /* 24 in Resources */ = {isa = PBXBuildFile; fileRef = 38F029B022AEF35C0030F247 /* 24 */; };
		38F029B322AEF7200030F247 /* 25 in Resources */ = {isa = PBXBuildFile; fileRef = 38F029B222AEF7200030F247 /* 25 */; };
		38F029B522AEF7270030F247 /* 26 in Resources */ = {isa = PBXBuildFile; fileRef = 38F029B422AEF7260030F247 /* 26 */; };
		38F029B722AEFB070030F247 /* 27 in Resources */ = {isa = PBXBuildFile; fileRef = 38F029B622AEFB060030F247 /* 27 */; };
		38F029B922AEFB0E0030F247 /* 28 in Resources */ = {isa = PBXBuildFile; fileRef = 38F029B822AEFB0D0030F247 /* 28 */; };
		38F5517922A6F5E7000CC1C1 /* 1 in Resources */ = {isa = PBXBuildFile; fileRef = 38F5517822A6F5E7000CC1C1 /* 1 */; };
		38F5517B22A6F991000CC1C1 /* 2 in Resources */ = {isa = PBXBuildFile; fileRef = 38F5517A22A6F991000CC1C1 /* 2 */; };
		38F5517D22A6FBDB000CC1C1 /* 3 in Resources */ = {isa = PBXBuildFile; fileRef = 38F5517C22A6FBDA000CC1C1 /* 3 */; };
		38F5517F22A700D2000CC1C1 /* 4 in Resources */ = {isa = PBXBuildFile; fileRef = 38F5517E22A700D2000CC1C1 /* 4 */; };
		54057756222C8AB600E3E227 /* TestCell.swift in Sources */ = {isa = PBXBuildFile; fileRef = 54057755222C8AB600E3E227 /* TestCell.swift */; };
		540CBEE8224DEEE700EEEBE1 /* LectionListViewController.swift in Sources */ = {isa = PBXBuildFile; fileRef = 540CBEE7224DEEE700EEEBE1 /* LectionListViewController.swift */; };
		5410D830223B742B00C38452 /* TestAnswer.xib in Resources */ = {isa = PBXBuildFile; fileRef = 5410D82F223B742B00C38452 /* TestAnswer.xib */; };
		5410D832223B764F00C38452 /* TestAnswer.swift in Sources */ = {isa = PBXBuildFile; fileRef = 5410D831223B764F00C38452 /* TestAnswer.swift */; };
		5416D03D21D62134009E8D02 /* WordCell.swift in Sources */ = {isa = PBXBuildFile; fileRef = 5416D03C21D62134009E8D02 /* WordCell.swift */; };
		5419295221D7ABE300A9277C /* EducationMainViewController.swift in Sources */ = {isa = PBXBuildFile; fileRef = 5419295121D7ABE300A9277C /* EducationMainViewController.swift */; };
		5419295421D7AF7700A9277C /* LectionCell.swift in Sources */ = {isa = PBXBuildFile; fileRef = 5419295321D7AF7700A9277C /* LectionCell.swift */; };
		5422583F22609A3300DB0758 /* InfoViewController.swift in Sources */ = {isa = PBXBuildFile; fileRef = 5422583E22609A3300DB0758 /* InfoViewController.swift */; };
		5422584122609AD600DB0758 /* InfoTableViewController.swift in Sources */ = {isa = PBXBuildFile; fileRef = 5422584022609AD600DB0758 /* InfoTableViewController.swift */; };
		542258452260A34600DB0758 /* InfoDetailViewController.swift in Sources */ = {isa = PBXBuildFile; fileRef = 542258442260A34600DB0758 /* InfoDetailViewController.swift */; };
		542912B421E28CFC00BF1FDD /* SentenceCell.swift in Sources */ = {isa = PBXBuildFile; fileRef = 542912B321E28CFC00BF1FDD /* SentenceCell.swift */; };
		5432D3FB22295DB0003A7A9E /* EducationMenuBar.xib in Resources */ = {isa = PBXBuildFile; fileRef = 5432D3FA22295DB0003A7A9E /* EducationMenuBar.xib */; };
		5432D3FD22295E7F003A7A9E /* EducationMenuBar.swift in Sources */ = {isa = PBXBuildFile; fileRef = 5432D3FC22295E7F003A7A9E /* EducationMenuBar.swift */; };
		54339FC3223AE505009F330B /* TestDetailViewController.swift in Sources */ = {isa = PBXBuildFile; fileRef = 54339FC2223AE505009F330B /* TestDetailViewController.swift */; };
		543F199221DEA2AB00F08764 /* FavoritesViewController.swift in Sources */ = {isa = PBXBuildFile; fileRef = 543F199121DEA2AB00F08764 /* FavoritesViewController.swift */; };
		5440C026220435D90077F6E5 /* Utils.swift in Sources */ = {isa = PBXBuildFile; fileRef = 5440C025220435D90077F6E5 /* Utils.swift */; };
		545F1B8E22327CFF0007B60C /* VideoController.swift in Sources */ = {isa = PBXBuildFile; fileRef = 545F1B8D22327CFF0007B60C /* VideoController.swift */; };
		545F1B9022327D0A0007B60C /* VideoController.xib in Resources */ = {isa = PBXBuildFile; fileRef = 545F1B8F22327D0A0007B60C /* VideoController.xib */; };
		5465C00B222ABCBA009B628F /* LectionViewController.swift in Sources */ = {isa = PBXBuildFile; fileRef = 5465C00A222ABCBA009B628F /* LectionViewController.swift */; };
		5465C00D222ABCFB009B628F /* TestViewController.swift in Sources */ = {isa = PBXBuildFile; fileRef = 5465C00C222ABCFB009B628F /* TestViewController.swift */; };
		5470A93E2236C80700B99FB4 /* LectionDetailViewController.swift in Sources */ = {isa = PBXBuildFile; fileRef = 5470A93D2236C80700B99FB4 /* LectionDetailViewController.swift */; };
		5482DA03224E87C00044BA81 /* LectionListCell.swift in Sources */ = {isa = PBXBuildFile; fileRef = 5482DA02224E87C00044BA81 /* LectionListCell.swift */; };
		5482DA0A224EA2A30044BA81 /* LockedPopupView.swift in Sources */ = {isa = PBXBuildFile; fileRef = 5482DA08224EA2A30044BA81 /* LockedPopupView.swift */; };
		5482DA0B224EA2A30044BA81 /* LockedPopupView.xib in Resources */ = {isa = PBXBuildFile; fileRef = 5482DA09224EA2A30044BA81 /* LockedPopupView.xib */; };
		5485807A21E7C6FA00440282 /* DictionaryDatabase.xcdatamodeld in Sources */ = {isa = PBXBuildFile; fileRef = 5485807821E7C6FA00440282 /* DictionaryDatabase.xcdatamodeld */; };
		5498010B2272D2180046D8C0 /* HighlightUIButton.swift in Sources */ = {isa = PBXBuildFile; fileRef = 5498010A2272D2180046D8C0 /* HighlightUIButton.swift */; };
		5498012322732F680046D8C0 /* main.swift in Sources */ = {isa = PBXBuildFile; fileRef = 5498012222732F680046D8C0 /* main.swift */; };
		549D9BED21E6727A00E930AD /* PreloadCoreData.swift in Sources */ = {isa = PBXBuildFile; fileRef = 549D9BEC21E6727A00E930AD /* PreloadCoreData.swift */; };
		54AAD6CA21DE8DCD00D9F303 /* DictionaryViewController.swift in Sources */ = {isa = PBXBuildFile; fileRef = 54AAD6C921DE8DCD00D9F303 /* DictionaryViewController.swift */; };
		54B12C6721D11FBC00A9E2C1 /* AppDelegate.swift in Sources */ = {isa = PBXBuildFile; fileRef = 54B12C6621D11FBC00A9E2C1 /* AppDelegate.swift */; };
		54B12C6C21D11FBC00A9E2C1 /* MainViewController.storyboard in Resources */ = {isa = PBXBuildFile; fileRef = 54B12C6A21D11FBC00A9E2C1 /* MainViewController.storyboard */; };
		54B12C6E21D11FBD00A9E2C1 /* Assets.xcassets in Resources */ = {isa = PBXBuildFile; fileRef = 54B12C6D21D11FBD00A9E2C1 /* Assets.xcassets */; };
		54B12C7121D11FBD00A9E2C1 /* LaunchScreen.storyboard in Resources */ = {isa = PBXBuildFile; fileRef = 54B12C6F21D11FBD00A9E2C1 /* LaunchScreen.storyboard */; };
		54C2048E2236EE970081F63C /* VideoHandler.swift in Sources */ = {isa = PBXBuildFile; fileRef = 54C2048D2236EE970081F63C /* VideoHandler.swift */; };
		54C4996A222DC1AF00DC3B99 /* WordDetailViewController.swift in Sources */ = {isa = PBXBuildFile; fileRef = 54C49969222DC1AF00DC3B99 /* WordDetailViewController.swift */; };
		54CC9EAB22404967001F5030 /* TestResultViewController.swift in Sources */ = {isa = PBXBuildFile; fileRef = 54CC9EAA22404967001F5030 /* TestResultViewController.swift */; };
		54CE808A22539DCE00D73B94 /* CancelTestView.swift in Sources */ = {isa = PBXBuildFile; fileRef = 54CE808822539DCE00D73B94 /* CancelTestView.swift */; };
		54CE808B22539DCE00D73B94 /* CancelTestView.xib in Resources */ = {isa = PBXBuildFile; fileRef = 54CE808922539DCE00D73B94 /* CancelTestView.xib */; };
		54EA763521F677BD00A5C50C /* EducationDetailCell.swift in Sources */ = {isa = PBXBuildFile; fileRef = 54EA763421F677BD00A5C50C /* EducationDetailCell.swift */; };
		54EF9ED522708FD200BF4A03 /* CoreDataStack.swift in Sources */ = {isa = PBXBuildFile; fileRef = 54EF9ED422708FD200BF4A03 /* CoreDataStack.swift */; };
/* End PBXBuildFile section */

/* Begin PBXFileReference section */
		3858C5BC22ABE10B00501DB6 /* 8 */ = {isa = PBXFileReference; lastKnownFileType = folder; path = 8; sourceTree = "<group>"; };
		3858C5BE22ABE3D100501DB6 /* 9 */ = {isa = PBXFileReference; lastKnownFileType = folder; path = 9; sourceTree = "<group>"; };
		3858C5C022ABE5BA00501DB6 /* 10 */ = {isa = PBXFileReference; lastKnownFileType = folder; path = 10; sourceTree = "<group>"; };
		3858C5C222ABE7F400501DB6 /* 11 */ = {isa = PBXFileReference; lastKnownFileType = folder; path = 11; sourceTree = "<group>"; };
		3858C5C422ABEA6700501DB6 /* 12 */ = {isa = PBXFileReference; lastKnownFileType = folder; path = 12; sourceTree = "<group>"; };
		3858C5C622ABEEBF00501DB6 /* 13 */ = {isa = PBXFileReference; lastKnownFileType = folder; path = 13; sourceTree = "<group>"; };
		3858C5C822ABF18300501DB6 /* 14 */ = {isa = PBXFileReference; lastKnownFileType = folder; path = 14; sourceTree = "<group>"; };
		3858C5CA22ABFB9A00501DB6 /* 15 */ = {isa = PBXFileReference; lastKnownFileType = folder; path = 15; sourceTree = "<group>"; };
		3858C5CC22ABFBA400501DB6 /* 16 */ = {isa = PBXFileReference; lastKnownFileType = folder; path = 16; sourceTree = "<group>"; };
		38A3240122B0443000DACDCD /* 29 */ = {isa = PBXFileReference; lastKnownFileType = folder; path = 29; sourceTree = "<group>"; };
		38B312FF2304A72C00CC22F5 /* Crashlytics.framework */ = {isa = PBXFileReference; lastKnownFileType = wrapper.framework; path = Crashlytics.framework; sourceTree = "<group>"; };
		38B313002304A72C00CC22F5 /* Fabric.framework */ = {isa = PBXFileReference; lastKnownFileType = wrapper.framework; path = Fabric.framework; sourceTree = "<group>"; };
		38BFB00B22ABA92900D47E91 /* 5 */ = {isa = PBXFileReference; lastKnownFileType = folder; path = 5; sourceTree = "<group>"; };
		38BFB00D22ABB44800D47E91 /* 6 */ = {isa = PBXFileReference; lastKnownFileType = folder; path = 6; sourceTree = "<group>"; };
		38BFB00F22ABB66400D47E91 /* 7 */ = {isa = PBXFileReference; lastKnownFileType = folder; path = 7; sourceTree = "<group>"; };
		38E4638222ADA36D002394A2 /* 17 */ = {isa = PBXFileReference; lastKnownFileType = folder; path = 17; sourceTree = "<group>"; };
		38E4638422ADA628002394A2 /* 18 */ = {isa = PBXFileReference; lastKnownFileType = folder; path = 18; sourceTree = "<group>"; };
		38E4638622ADAACD002394A2 /* 20 */ = {isa = PBXFileReference; lastKnownFileType = folder; path = 20; sourceTree = "<group>"; };
		38E4638722ADAACD002394A2 /* 19 */ = {isa = PBXFileReference; lastKnownFileType = folder; path = 19; sourceTree = "<group>"; };
		38E72E8924128E1200E42323 /* cs */ = {isa = PBXFileReference; lastKnownFileType = text.plist.strings; name = cs; path = cs.lproj/MainViewController.strings; sourceTree = "<group>"; };
		38E72E8A24128E1300E42323 /* cs */ = {isa = PBXFileReference; lastKnownFileType = text.plist.strings; name = cs; path = cs.lproj/LaunchScreen.strings; sourceTree = "<group>"; };
		38F029AA22AEEFDE0030F247 /* 21 */ = {isa = PBXFileReference; lastKnownFileType = folder; path = 21; sourceTree = "<group>"; };
		38F029AB22AEEFDE0030F247 /* 22 */ = {isa = PBXFileReference; lastKnownFileType = folder; path = 22; sourceTree = "<group>"; };
		38F029AE22AEF1EB0030F247 /* 23 */ = {isa = PBXFileReference; lastKnownFileType = folder; path = 23; sourceTree = "<group>"; };
		38F029B022AEF35C0030F247 /* 24 */ = {isa = PBXFileReference; lastKnownFileType = folder; path = 24; sourceTree = "<group>"; };
		38F029B222AEF7200030F247 /* 25 */ = {isa = PBXFileReference; lastKnownFileType = folder; path = 25; sourceTree = "<group>"; };
		38F029B422AEF7260030F247 /* 26 */ = {isa = PBXFileReference; lastKnownFileType = folder; path = 26; sourceTree = "<group>"; };
		38F029B622AEFB060030F247 /* 27 */ = {isa = PBXFileReference; lastKnownFileType = folder; path = 27; sourceTree = "<group>"; };
		38F029B822AEFB0D0030F247 /* 28 */ = {isa = PBXFileReference; lastKnownFileType = folder; path = 28; sourceTree = "<group>"; };
		38F5517822A6F5E7000CC1C1 /* 1 */ = {isa = PBXFileReference; lastKnownFileType = folder; path = 1; sourceTree = "<group>"; };
		38F5517A22A6F991000CC1C1 /* 2 */ = {isa = PBXFileReference; lastKnownFileType = folder; path = 2; sourceTree = "<group>"; };
		38F5517C22A6FBDA000CC1C1 /* 3 */ = {isa = PBXFileReference; lastKnownFileType = folder; path = 3; sourceTree = "<group>"; };
		38F5517E22A700D2000CC1C1 /* 4 */ = {isa = PBXFileReference; lastKnownFileType = folder; path = 4; sourceTree = "<group>"; };
		54057755222C8AB600E3E227 /* TestCell.swift */ = {isa = PBXFileReference; lastKnownFileType = sourcecode.swift; path = TestCell.swift; sourceTree = "<group>"; };
		540CBEE7224DEEE700EEEBE1 /* LectionListViewController.swift */ = {isa = PBXFileReference; lastKnownFileType = sourcecode.swift; path = LectionListViewController.swift; sourceTree = "<group>"; };
		5410D82F223B742B00C38452 /* TestAnswer.xib */ = {isa = PBXFileReference; lastKnownFileType = file.xib; path = TestAnswer.xib; sourceTree = "<group>"; };
		5410D831223B764F00C38452 /* TestAnswer.swift */ = {isa = PBXFileReference; lastKnownFileType = sourcecode.swift; path = TestAnswer.swift; sourceTree = "<group>"; };
		5416D03C21D62134009E8D02 /* WordCell.swift */ = {isa = PBXFileReference; lastKnownFileType = sourcecode.swift; path = WordCell.swift; sourceTree = "<group>"; };
		5419295121D7ABE300A9277C /* EducationMainViewController.swift */ = {isa = PBXFileReference; lastKnownFileType = sourcecode.swift; path = EducationMainViewController.swift; sourceTree = "<group>"; };
		5419295321D7AF7700A9277C /* LectionCell.swift */ = {isa = PBXFileReference; lastKnownFileType = sourcecode.swift; path = LectionCell.swift; sourceTree = "<group>"; };
		5422583E22609A3300DB0758 /* InfoViewController.swift */ = {isa = PBXFileReference; lastKnownFileType = sourcecode.swift; path = InfoViewController.swift; sourceTree = "<group>"; };
		5422584022609AD600DB0758 /* InfoTableViewController.swift */ = {isa = PBXFileReference; lastKnownFileType = sourcecode.swift; path = InfoTableViewController.swift; sourceTree = "<group>"; };
		542258442260A34600DB0758 /* InfoDetailViewController.swift */ = {isa = PBXFileReference; lastKnownFileType = sourcecode.swift; path = InfoDetailViewController.swift; sourceTree = "<group>"; };
		542912B321E28CFC00BF1FDD /* SentenceCell.swift */ = {isa = PBXFileReference; lastKnownFileType = sourcecode.swift; path = SentenceCell.swift; sourceTree = "<group>"; };
		5432D3FA22295DB0003A7A9E /* EducationMenuBar.xib */ = {isa = PBXFileReference; lastKnownFileType = file.xib; path = EducationMenuBar.xib; sourceTree = "<group>"; };
		5432D3FC22295E7F003A7A9E /* EducationMenuBar.swift */ = {isa = PBXFileReference; lastKnownFileType = sourcecode.swift; path = EducationMenuBar.swift; sourceTree = "<group>"; };
		54339FC2223AE505009F330B /* TestDetailViewController.swift */ = {isa = PBXFileReference; lastKnownFileType = sourcecode.swift; path = TestDetailViewController.swift; sourceTree = "<group>"; };
		543F199121DEA2AB00F08764 /* FavoritesViewController.swift */ = {isa = PBXFileReference; lastKnownFileType = sourcecode.swift; path = FavoritesViewController.swift; sourceTree = "<group>"; };
		5440C025220435D90077F6E5 /* Utils.swift */ = {isa = PBXFileReference; lastKnownFileType = sourcecode.swift; path = Utils.swift; sourceTree = "<group>"; };
		545F1B8D22327CFF0007B60C /* VideoController.swift */ = {isa = PBXFileReference; lastKnownFileType = sourcecode.swift; path = VideoController.swift; sourceTree = "<group>"; };
		545F1B8F22327D0A0007B60C /* VideoController.xib */ = {isa = PBXFileReference; lastKnownFileType = file.xib; path = VideoController.xib; sourceTree = "<group>"; };
		5465C00A222ABCBA009B628F /* LectionViewController.swift */ = {isa = PBXFileReference; lastKnownFileType = sourcecode.swift; path = LectionViewController.swift; sourceTree = "<group>"; };
		5465C00C222ABCFB009B628F /* TestViewController.swift */ = {isa = PBXFileReference; lastKnownFileType = sourcecode.swift; path = TestViewController.swift; sourceTree = "<group>"; };
		5470A93D2236C80700B99FB4 /* LectionDetailViewController.swift */ = {isa = PBXFileReference; lastKnownFileType = sourcecode.swift; path = LectionDetailViewController.swift; sourceTree = "<group>"; };
		5482DA02224E87C00044BA81 /* LectionListCell.swift */ = {isa = PBXFileReference; lastKnownFileType = sourcecode.swift; path = LectionListCell.swift; sourceTree = "<group>"; };
		5482DA08224EA2A30044BA81 /* LockedPopupView.swift */ = {isa = PBXFileReference; lastKnownFileType = sourcecode.swift; path = LockedPopupView.swift; sourceTree = "<group>"; };
		5482DA09224EA2A30044BA81 /* LockedPopupView.xib */ = {isa = PBXFileReference; lastKnownFileType = file.xib; path = LockedPopupView.xib; sourceTree = "<group>"; };
		5485807921E7C6FA00440282 /* DictionaryDatabase.xcdatamodel */ = {isa = PBXFileReference; lastKnownFileType = wrapper.xcdatamodel; path = DictionaryDatabase.xcdatamodel; sourceTree = "<group>"; };
		5498010A2272D2180046D8C0 /* HighlightUIButton.swift */ = {isa = PBXFileReference; lastKnownFileType = sourcecode.swift; path = HighlightUIButton.swift; sourceTree = "<group>"; };
		5498012222732F680046D8C0 /* main.swift */ = {isa = PBXFileReference; lastKnownFileType = sourcecode.swift; path = main.swift; sourceTree = "<group>"; };
		549D9BEC21E6727A00E930AD /* PreloadCoreData.swift */ = {isa = PBXFileReference; lastKnownFileType = sourcecode.swift; path = PreloadCoreData.swift; sourceTree = "<group>"; };
		54AAD6C921DE8DCD00D9F303 /* DictionaryViewController.swift */ = {isa = PBXFileReference; lastKnownFileType = sourcecode.swift; path = DictionaryViewController.swift; sourceTree = "<group>"; };
		54B12C6321D11FBC00A9E2C1 /* signLanguage.app */ = {isa = PBXFileReference; explicitFileType = wrapper.application; includeInIndex = 0; path = signLanguage.app; sourceTree = BUILT_PRODUCTS_DIR; };
		54B12C6621D11FBC00A9E2C1 /* AppDelegate.swift */ = {isa = PBXFileReference; lastKnownFileType = sourcecode.swift; path = AppDelegate.swift; sourceTree = "<group>"; };
		54B12C6B21D11FBC00A9E2C1 /* Base */ = {isa = PBXFileReference; lastKnownFileType = file.storyboard; name = Base; path = Base.lproj/MainViewController.storyboard; sourceTree = "<group>"; };
		54B12C6D21D11FBD00A9E2C1 /* Assets.xcassets */ = {isa = PBXFileReference; lastKnownFileType = folder.assetcatalog; path = Assets.xcassets; sourceTree = "<group>"; };
		54B12C7021D11FBD00A9E2C1 /* Base */ = {isa = PBXFileReference; lastKnownFileType = file.storyboard; name = Base; path = Base.lproj/LaunchScreen.storyboard; sourceTree = "<group>"; };
		54B12C7221D11FBD00A9E2C1 /* Info.plist */ = {isa = PBXFileReference; lastKnownFileType = text.plist.xml; path = Info.plist; sourceTree = "<group>"; };
		54C2048D2236EE970081F63C /* VideoHandler.swift */ = {isa = PBXFileReference; lastKnownFileType = sourcecode.swift; path = VideoHandler.swift; sourceTree = "<group>"; };
		54C49969222DC1AF00DC3B99 /* WordDetailViewController.swift */ = {isa = PBXFileReference; lastKnownFileType = sourcecode.swift; path = WordDetailViewController.swift; sourceTree = "<group>"; };
		54CC9EAA22404967001F5030 /* TestResultViewController.swift */ = {isa = PBXFileReference; lastKnownFileType = sourcecode.swift; path = TestResultViewController.swift; sourceTree = "<group>"; };
		54CE808822539DCE00D73B94 /* CancelTestView.swift */ = {isa = PBXFileReference; lastKnownFileType = sourcecode.swift; path = CancelTestView.swift; sourceTree = "<group>"; };
		54CE808922539DCE00D73B94 /* CancelTestView.xib */ = {isa = PBXFileReference; lastKnownFileType = file.xib; path = CancelTestView.xib; sourceTree = "<group>"; };
		54EA763421F677BD00A5C50C /* EducationDetailCell.swift */ = {isa = PBXFileReference; fileEncoding = 4; lastKnownFileType = sourcecode.swift; path = EducationDetailCell.swift; sourceTree = "<group>"; };
		54EF9ED422708FD200BF4A03 /* CoreDataStack.swift */ = {isa = PBXFileReference; lastKnownFileType = sourcecode.swift; path = CoreDataStack.swift; sourceTree = "<group>"; };
/* End PBXFileReference section */

/* Begin PBXFrameworksBuildPhase section */
		54B12C6021D11FBC00A9E2C1 /* Frameworks */ = {
			isa = PBXFrameworksBuildPhase;
			buildActionMask = 2147483647;
			files = (
				38B313012304A72C00CC22F5 /* Crashlytics.framework in Frameworks */,
				38B313022304A72C00CC22F5 /* Fabric.framework in Frameworks */,
			);
			runOnlyForDeploymentPostprocessing = 0;
		};
/* End PBXFrameworksBuildPhase section */

/* Begin PBXGroup section */
		5416D03E21D62167009E8D02 /* Dictionary */ = {
			isa = PBXGroup;
			children = (
				54C49969222DC1AF00DC3B99 /* WordDetailViewController.swift */,
				54AAD6C921DE8DCD00D9F303 /* DictionaryViewController.swift */,
			);
			path = Dictionary;
			sourceTree = "<group>";
		};
		5419295021D7AB9F00A9277C /* Education */ = {
			isa = PBXGroup;
			children = (
				541F6547222F2F990022EECB /* Cell */,
				5465C009222AA389009B628F /* Components */,
				5419295121D7ABE300A9277C /* EducationMainViewController.swift */,
				5465C00C222ABCFB009B628F /* TestViewController.swift */,
				54339FC2223AE505009F330B /* TestDetailViewController.swift */,
				54CC9EAA22404967001F5030 /* TestResultViewController.swift */,
				5465C00A222ABCBA009B628F /* LectionViewController.swift */,
				540CBEE7224DEEE700EEEBE1 /* LectionListViewController.swift */,
				5470A93D2236C80700B99FB4 /* LectionDetailViewController.swift */,
			);
			path = Education;
			sourceTree = "<group>";
		};
		541F6547222F2F990022EECB /* Cell */ = {
			isa = PBXGroup;
			children = (
				54EA763421F677BD00A5C50C /* EducationDetailCell.swift */,
				54057755222C8AB600E3E227 /* TestCell.swift */,
				5419295321D7AF7700A9277C /* LectionCell.swift */,
				5482DA02224E87C00044BA81 /* LectionListCell.swift */,
			);
			path = Cell;
			sourceTree = "<group>";
		};
		5422583D22609A1B00DB0758 /* Info */ = {
			isa = PBXGroup;
			children = (
				5422583E22609A3300DB0758 /* InfoViewController.swift */,
				5422584022609AD600DB0758 /* InfoTableViewController.swift */,
				542258442260A34600DB0758 /* InfoDetailViewController.swift */,
			);
			path = Info;
			sourceTree = "<group>";
		};
		542912B621E293B300BF1FDD /* Common */ = {
			isa = PBXGroup;
			children = (
				5416D03C21D62134009E8D02 /* WordCell.swift */,
				542912B321E28CFC00BF1FDD /* SentenceCell.swift */,
				545F1B8D22327CFF0007B60C /* VideoController.swift */,
				545F1B8F22327D0A0007B60C /* VideoController.xib */,
			);
			path = Common;
			sourceTree = "<group>";
		};
		543F199021DEA25300F08764 /* Favorites */ = {
			isa = PBXGroup;
			children = (
				543F199121DEA2AB00F08764 /* FavoritesViewController.swift */,
			);
			path = Favorites;
			sourceTree = "<group>";
		};
		5440C024220435C10077F6E5 /* Utils */ = {
			isa = PBXGroup;
			children = (
				5440C025220435D90077F6E5 /* Utils.swift */,
				54C2048D2236EE970081F63C /* VideoHandler.swift */,
				54EF9ED422708FD200BF4A03 /* CoreDataStack.swift */,
				549D9BEC21E6727A00E930AD /* PreloadCoreData.swift */,
				5498010A2272D2180046D8C0 /* HighlightUIButton.swift */,
			);
			path = Utils;
			sourceTree = "<group>";
		};
		5465C009222AA389009B628F /* Components */ = {
			isa = PBXGroup;
			children = (
				5432D3FA22295DB0003A7A9E /* EducationMenuBar.xib */,
				5432D3FC22295E7F003A7A9E /* EducationMenuBar.swift */,
				5410D82F223B742B00C38452 /* TestAnswer.xib */,
				5410D831223B764F00C38452 /* TestAnswer.swift */,
				5482DA08224EA2A30044BA81 /* LockedPopupView.swift */,
				5482DA09224EA2A30044BA81 /* LockedPopupView.xib */,
				54CE808822539DCE00D73B94 /* CancelTestView.swift */,
				54CE808922539DCE00D73B94 /* CancelTestView.xib */,
			);
			path = Components;
			sourceTree = "<group>";
		};
		549894782212234900024E77 /* Videos */ = {
			isa = PBXGroup;
			children = (
				38A3240122B0443000DACDCD /* 29 */,
				38F029B822AEFB0D0030F247 /* 28 */,
				38F029B622AEFB060030F247 /* 27 */,
				38F029B422AEF7260030F247 /* 26 */,
				38F029B222AEF7200030F247 /* 25 */,
				38F029B022AEF35C0030F247 /* 24 */,
				38F029AE22AEF1EB0030F247 /* 23 */,
				38F029AB22AEEFDE0030F247 /* 22 */,
				38F029AA22AEEFDE0030F247 /* 21 */,
				38E4638622ADAACD002394A2 /* 20 */,
				38E4638722ADAACD002394A2 /* 19 */,
				38E4638422ADA628002394A2 /* 18 */,
				38E4638222ADA36D002394A2 /* 17 */,
				3858C5CC22ABFBA400501DB6 /* 16 */,
				3858C5CA22ABFB9A00501DB6 /* 15 */,
				3858C5C822ABF18300501DB6 /* 14 */,
				3858C5C622ABEEBF00501DB6 /* 13 */,
				3858C5C422ABEA6700501DB6 /* 12 */,
				3858C5C222ABE7F400501DB6 /* 11 */,
				3858C5C022ABE5BA00501DB6 /* 10 */,
				3858C5BE22ABE3D100501DB6 /* 9 */,
				3858C5BC22ABE10B00501DB6 /* 8 */,
				38BFB00F22ABB66400D47E91 /* 7 */,
				38BFB00D22ABB44800D47E91 /* 6 */,
				38BFB00B22ABA92900D47E91 /* 5 */,
				38F5517E22A700D2000CC1C1 /* 4 */,
				38F5517C22A6FBDA000CC1C1 /* 3 */,
				38F5517A22A6F991000CC1C1 /* 2 */,
				38F5517822A6F5E7000CC1C1 /* 1 */,
			);
			path = Videos;
			sourceTree = "<group>";
		};
		54A386AF22199DDC00D35569 /* Frameworks */ = {
			isa = PBXGroup;
			children = (
				38B312FF2304A72C00CC22F5 /* Crashlytics.framework */,
				38B313002304A72C00CC22F5 /* Fabric.framework */,
			);
			name = Frameworks;
			sourceTree = "<group>";
		};
		54B12C5A21D11FBC00A9E2C1 = {
			isa = PBXGroup;
			children = (
				549894782212234900024E77 /* Videos */,
				54B12C6521D11FBC00A9E2C1 /* signLanguage */,
				54B12C6421D11FBC00A9E2C1 /* Products */,
				54A386AF22199DDC00D35569 /* Frameworks */,
			);
			sourceTree = "<group>";
		};
		54B12C6421D11FBC00A9E2C1 /* Products */ = {
			isa = PBXGroup;
			children = (
				54B12C6321D11FBC00A9E2C1 /* signLanguage.app */,
			);
			name = Products;
			sourceTree = "<group>";
		};
		54B12C6521D11FBC00A9E2C1 /* signLanguage */ = {
			isa = PBXGroup;
			children = (
				5440C024220435C10077F6E5 /* Utils */,
				54B12C7921D1200A00A9E2C1 /* UI */,
				54B12C7821D11FE100A9E2C1 /* Asset */,
				54B12C6621D11FBC00A9E2C1 /* AppDelegate.swift */,
				5498012222732F680046D8C0 /* main.swift */,
			);
			path = signLanguage;
			sourceTree = "<group>";
		};
		54B12C7821D11FE100A9E2C1 /* Asset */ = {
			isa = PBXGroup;
			children = (
				54B12C6A21D11FBC00A9E2C1 /* MainViewController.storyboard */,
				54B12C6D21D11FBD00A9E2C1 /* Assets.xcassets */,
				54B12C6F21D11FBD00A9E2C1 /* LaunchScreen.storyboard */,
				54B12C7221D11FBD00A9E2C1 /* Info.plist */,
				5485807821E7C6FA00440282 /* DictionaryDatabase.xcdatamodeld */,
			);
			path = Asset;
			sourceTree = "<group>";
		};
		54B12C7921D1200A00A9E2C1 /* UI */ = {
			isa = PBXGroup;
			children = (
				5422583D22609A1B00DB0758 /* Info */,
				542912B621E293B300BF1FDD /* Common */,
				543F199021DEA25300F08764 /* Favorites */,
				5419295021D7AB9F00A9277C /* Education */,
				5416D03E21D62167009E8D02 /* Dictionary */,
			);
			path = UI;
			sourceTree = "<group>";
		};
/* End PBXGroup section */

/* Begin PBXNativeTarget section */
		54B12C6221D11FBC00A9E2C1 /* signLanguage */ = {
			isa = PBXNativeTarget;
			buildConfigurationList = 54B12C7521D11FBD00A9E2C1 /* Build configuration list for PBXNativeTarget "signLanguage" */;
			buildPhases = (
				54B12C5F21D11FBC00A9E2C1 /* Sources */,
				54B12C6021D11FBC00A9E2C1 /* Frameworks */,
				54B12C6121D11FBC00A9E2C1 /* Resources */,
				54A386B122199E6000D35569 /* ShellScript */,
				38B312FE2304A6DF00CC22F5 /* ShellScript */,
			);
			buildRules = (
			);
			dependencies = (
			);
			name = signLanguage;
			productName = signLanguage;
			productReference = 54B12C6321D11FBC00A9E2C1 /* signLanguage.app */;
			productType = "com.apple.product-type.application";
		};
/* End PBXNativeTarget section */

/* Begin PBXProject section */
		54B12C5B21D11FBC00A9E2C1 /* Project object */ = {
			isa = PBXProject;
			attributes = {
				LastSwiftUpdateCheck = 1010;
				LastUpgradeCheck = 1010;
				ORGANIZATIONNAME = "Zdeno Bacik";
				TargetAttributes = {
					54B12C6221D11FBC00A9E2C1 = {
						CreatedOnToolsVersion = 10.1;
						LastSwiftMigration = 1020;
					};
				};
			};
			buildConfigurationList = 54B12C5E21D11FBC00A9E2C1 /* Build configuration list for PBXProject "signLanguage" */;
			compatibilityVersion = "Xcode 9.3";
			developmentRegion = en;
			hasScannedForEncodings = 0;
			knownRegions = (
				en,
				Base,
				cs,
			);
			mainGroup = 54B12C5A21D11FBC00A9E2C1;
			productRefGroup = 54B12C6421D11FBC00A9E2C1 /* Products */;
			projectDirPath = "";
			projectRoot = "";
			targets = (
				54B12C6221D11FBC00A9E2C1 /* signLanguage */,
			);
		};
/* End PBXProject section */

/* Begin PBXResourcesBuildPhase section */
		54B12C6121D11FBC00A9E2C1 /* Resources */ = {
			isa = PBXResourcesBuildPhase;
			buildActionMask = 2147483647;
			files = (
				38E4638822ADAACD002394A2 /* 20 in Resources */,
				38F029B322AEF7200030F247 /* 25 in Resources */,
				38BFB01022ABB66400D47E91 /* 7 in Resources */,
				38F5517D22A6FBDB000CC1C1 /* 3 in Resources */,
				3858C5BF22ABE3D100501DB6 /* 9 in Resources */,
				5482DA0B224EA2A30044BA81 /* LockedPopupView.xib in Resources */,
				38BFB00C22ABA92A00D47E91 /* 5 in Resources */,
				545F1B9022327D0A0007B60C /* VideoController.xib in Resources */,
				54B12C7121D11FBD00A9E2C1 /* LaunchScreen.storyboard in Resources */,
				38F029B922AEFB0E0030F247 /* 28 in Resources */,
				38A3240222B0443000DACDCD /* 29 in Resources */,
				54B12C6E21D11FBD00A9E2C1 /* Assets.xcassets in Resources */,
				38F029B122AEF35C0030F247 /* 24 in Resources */,
				3858C5BD22ABE10C00501DB6 /* 8 in Resources */,
				38F029B722AEFB070030F247 /* 27 in Resources */,
				3858C5CB22ABFB9A00501DB6 /* 15 in Resources */,
				38E4638522ADA628002394A2 /* 18 in Resources */,
				38F029AF22AEF1EB0030F247 /* 23 in Resources */,
				38F029AD22AEEFDE0030F247 /* 22 in Resources */,
				3858C5C522ABEA6700501DB6 /* 12 in Resources */,
				38E4638922ADAACD002394A2 /* 19 in Resources */,
				3858C5C322ABE7F400501DB6 /* 11 in Resources */,
				5432D3FB22295DB0003A7A9E /* EducationMenuBar.xib in Resources */,
				38E4638322ADA36D002394A2 /* 17 in Resources */,
				38F5517922A6F5E7000CC1C1 /* 1 in Resources */,
				3858C5C722ABEEBF00501DB6 /* 13 in Resources */,
				3858C5C922ABF18300501DB6 /* 14 in Resources */,
				3858C5CD22ABFBA400501DB6 /* 16 in Resources */,
				54B12C6C21D11FBC00A9E2C1 /* MainViewController.storyboard in Resources */,
				3858C5C122ABE5BA00501DB6 /* 10 in Resources */,
				38F029AC22AEEFDE0030F247 /* 21 in Resources */,
				54CE808B22539DCE00D73B94 /* CancelTestView.xib in Resources */,
				38F029B522AEF7270030F247 /* 26 in Resources */,
				38F5517F22A700D2000CC1C1 /* 4 in Resources */,
				38F5517B22A6F991000CC1C1 /* 2 in Resources */,
				38BFB00E22ABB44900D47E91 /* 6 in Resources */,
				5410D830223B742B00C38452 /* TestAnswer.xib in Resources */,
			);
			runOnlyForDeploymentPostprocessing = 0;
		};
/* End PBXResourcesBuildPhase section */

/* Begin PBXShellScriptBuildPhase section */
		38B312FE2304A6DF00CC22F5 /* ShellScript */ = {
			isa = PBXShellScriptBuildPhase;
			buildActionMask = 2147483647;
			files = (
			);
			inputFileListPaths = (
			);
			inputPaths = (
				"$(BUILT_PRODUCTS_DIR)/$(INFOPLIST_PATH)",
			);
			outputFileListPaths = (
			);
			outputPaths = (
			);
			runOnlyForDeploymentPostprocessing = 0;
			shellPath = /bin/sh;
			shellScript = "# Type a script or drag a script file from your workspace to insert its path.\n\"${PROJECT_DIR}/Fabric.framework/run\" 4b8bd6293df8570ffab69e9aea09c2768b5c83a2 4b5725ce18cf63179f6ccaad1b58c1376a3c472032f58c9772909ed49dc4929c\n";
		};
		54A386B122199E6000D35569 /* ShellScript */ = {
			isa = PBXShellScriptBuildPhase;
			buildActionMask = 2147483647;
			files = (
			);
			inputFileListPaths = (
			);
			inputPaths = (
			);
			outputFileListPaths = (
			);
			outputPaths = (
			);
			runOnlyForDeploymentPostprocessing = 0;
			shellPath = /bin/sh;
			shellScript = "/usr/local/bin/carthage copy-frameworks\n";
		};
/* End PBXShellScriptBuildPhase section */

/* Begin PBXSourcesBuildPhase section */
		54B12C5F21D11FBC00A9E2C1 /* Sources */ = {
			isa = PBXSourcesBuildPhase;
			buildActionMask = 2147483647;
			files = (
				54CC9EAB22404967001F5030 /* TestResultViewController.swift in Sources */,
				549D9BED21E6727A00E930AD /* PreloadCoreData.swift in Sources */,
				5432D3FD22295E7F003A7A9E /* EducationMenuBar.swift in Sources */,
				5498010B2272D2180046D8C0 /* HighlightUIButton.swift in Sources */,
				540CBEE8224DEEE700EEEBE1 /* LectionListViewController.swift in Sources */,
				54AAD6CA21DE8DCD00D9F303 /* DictionaryViewController.swift in Sources */,
				5416D03D21D62134009E8D02 /* WordCell.swift in Sources */,
				543F199221DEA2AB00F08764 /* FavoritesViewController.swift in Sources */,
				5422584122609AD600DB0758 /* InfoTableViewController.swift in Sources */,
				54B12C6721D11FBC00A9E2C1 /* AppDelegate.swift in Sources */,
				5498012322732F680046D8C0 /* main.swift in Sources */,
				5465C00D222ABCFB009B628F /* TestViewController.swift in Sources */,
				54057756222C8AB600E3E227 /* TestCell.swift in Sources */,
				54339FC3223AE505009F330B /* TestDetailViewController.swift in Sources */,
				5482DA03224E87C00044BA81 /* LectionListCell.swift in Sources */,
				5440C026220435D90077F6E5 /* Utils.swift in Sources */,
				5422583F22609A3300DB0758 /* InfoViewController.swift in Sources */,
				54EF9ED522708FD200BF4A03 /* CoreDataStack.swift in Sources */,
				54C2048E2236EE970081F63C /* VideoHandler.swift in Sources */,
				54CE808A22539DCE00D73B94 /* CancelTestView.swift in Sources */,
				542912B421E28CFC00BF1FDD /* SentenceCell.swift in Sources */,
				5419295421D7AF7700A9277C /* LectionCell.swift in Sources */,
				542258452260A34600DB0758 /* InfoDetailViewController.swift in Sources */,
				54C4996A222DC1AF00DC3B99 /* WordDetailViewController.swift in Sources */,
				5482DA0A224EA2A30044BA81 /* LockedPopupView.swift in Sources */,
				5419295221D7ABE300A9277C /* EducationMainViewController.swift in Sources */,
				5465C00B222ABCBA009B628F /* LectionViewController.swift in Sources */,
				545F1B8E22327CFF0007B60C /* VideoController.swift in Sources */,
				5485807A21E7C6FA00440282 /* DictionaryDatabase.xcdatamodeld in Sources */,
				5410D832223B764F00C38452 /* TestAnswer.swift in Sources */,
				5470A93E2236C80700B99FB4 /* LectionDetailViewController.swift in Sources */,
				54EA763521F677BD00A5C50C /* EducationDetailCell.swift in Sources */,
			);
			runOnlyForDeploymentPostprocessing = 0;
		};
/* End PBXSourcesBuildPhase section */

/* Begin PBXVariantGroup section */
		54B12C6A21D11FBC00A9E2C1 /* MainViewController.storyboard */ = {
			isa = PBXVariantGroup;
			children = (
				54B12C6B21D11FBC00A9E2C1 /* Base */,
				38E72E8924128E1200E42323 /* cs */,
			);
			name = MainViewController.storyboard;
			sourceTree = "<group>";
			usesTabs = 0;
		};
		54B12C6F21D11FBD00A9E2C1 /* LaunchScreen.storyboard */ = {
			isa = PBXVariantGroup;
			children = (
				54B12C7021D11FBD00A9E2C1 /* Base */,
				38E72E8A24128E1300E42323 /* cs */,
			);
			name = LaunchScreen.storyboard;
			sourceTree = "<group>";
		};
/* End PBXVariantGroup section */

/* Begin XCBuildConfiguration section */
		54B12C7321D11FBD00A9E2C1 /* Debug */ = {
			isa = XCBuildConfiguration;
			buildSettings = {
				ALWAYS_SEARCH_USER_PATHS = NO;
				CLANG_ANALYZER_LOCALIZABILITY_NONLOCALIZED = YES;
				CLANG_ANALYZER_NONNULL = YES;
				CLANG_ANALYZER_NUMBER_OBJECT_CONVERSION = YES_AGGRESSIVE;
				CLANG_CXX_LANGUAGE_STANDARD = "gnu++14";
				CLANG_CXX_LIBRARY = "libc++";
				CLANG_ENABLE_MODULES = YES;
				CLANG_ENABLE_OBJC_ARC = YES;
				CLANG_ENABLE_OBJC_WEAK = YES;
				CLANG_WARN_BLOCK_CAPTURE_AUTORELEASING = YES;
				CLANG_WARN_BOOL_CONVERSION = YES;
				CLANG_WARN_COMMA = YES;
				CLANG_WARN_CONSTANT_CONVERSION = YES;
				CLANG_WARN_DEPRECATED_OBJC_IMPLEMENTATIONS = YES;
				CLANG_WARN_DIRECT_OBJC_ISA_USAGE = YES_ERROR;
				CLANG_WARN_DOCUMENTATION_COMMENTS = YES;
				CLANG_WARN_EMPTY_BODY = YES;
				CLANG_WARN_ENUM_CONVERSION = YES;
				CLANG_WARN_INFINITE_RECURSION = YES;
				CLANG_WARN_INT_CONVERSION = YES;
				CLANG_WARN_NON_LITERAL_NULL_CONVERSION = YES;
				CLANG_WARN_OBJC_IMPLICIT_RETAIN_SELF = YES;
				CLANG_WARN_OBJC_LITERAL_CONVERSION = YES;
				CLANG_WARN_OBJC_ROOT_CLASS = YES_ERROR;
				CLANG_WARN_RANGE_LOOP_ANALYSIS = YES;
				CLANG_WARN_STRICT_PROTOTYPES = YES;
				CLANG_WARN_SUSPICIOUS_MOVE = YES;
				CLANG_WARN_UNGUARDED_AVAILABILITY = YES_AGGRESSIVE;
				CLANG_WARN_UNREACHABLE_CODE = YES;
				CLANG_WARN__DUPLICATE_METHOD_MATCH = YES;
				CODE_SIGN_IDENTITY = "iPhone Developer";
				COPY_PHASE_STRIP = NO;
				DEBUG_INFORMATION_FORMAT = "dwarf-with-dsym";
				ENABLE_STRICT_OBJC_MSGSEND = YES;
				ENABLE_TESTABILITY = YES;
				GCC_C_LANGUAGE_STANDARD = gnu11;
				GCC_DYNAMIC_NO_PIC = NO;
				GCC_NO_COMMON_BLOCKS = YES;
				GCC_OPTIMIZATION_LEVEL = 0;
				GCC_PREPROCESSOR_DEFINITIONS = (
					"DEBUG=1",
					"$(inherited)",
				);
				GCC_WARN_64_TO_32_BIT_CONVERSION = YES;
				GCC_WARN_ABOUT_RETURN_TYPE = YES_ERROR;
				GCC_WARN_UNDECLARED_SELECTOR = YES;
				GCC_WARN_UNINITIALIZED_AUTOS = YES_AGGRESSIVE;
				GCC_WARN_UNUSED_FUNCTION = YES;
				GCC_WARN_UNUSED_VARIABLE = YES;
				IPHONEOS_DEPLOYMENT_TARGET = 10.2;
				MTL_ENABLE_DEBUG_INFO = INCLUDE_SOURCE;
				MTL_FAST_MATH = YES;
				ONLY_ACTIVE_ARCH = YES;
				SDKROOT = iphoneos;
				SWIFT_ACTIVE_COMPILATION_CONDITIONS = DEBUG;
				SWIFT_OPTIMIZATION_LEVEL = "-Onone";
			};
			name = Debug;
		};
		54B12C7421D11FBD00A9E2C1 /* Release */ = {
			isa = XCBuildConfiguration;
			buildSettings = {
				ALWAYS_SEARCH_USER_PATHS = NO;
				CLANG_ANALYZER_LOCALIZABILITY_NONLOCALIZED = YES;
				CLANG_ANALYZER_NONNULL = YES;
				CLANG_ANALYZER_NUMBER_OBJECT_CONVERSION = YES_AGGRESSIVE;
				CLANG_CXX_LANGUAGE_STANDARD = "gnu++14";
				CLANG_CXX_LIBRARY = "libc++";
				CLANG_ENABLE_MODULES = YES;
				CLANG_ENABLE_OBJC_ARC = YES;
				CLANG_ENABLE_OBJC_WEAK = YES;
				CLANG_WARN_BLOCK_CAPTURE_AUTORELEASING = YES;
				CLANG_WARN_BOOL_CONVERSION = YES;
				CLANG_WARN_COMMA = YES;
				CLANG_WARN_CONSTANT_CONVERSION = YES;
				CLANG_WARN_DEPRECATED_OBJC_IMPLEMENTATIONS = YES;
				CLANG_WARN_DIRECT_OBJC_ISA_USAGE = YES_ERROR;
				CLANG_WARN_DOCUMENTATION_COMMENTS = YES;
				CLANG_WARN_EMPTY_BODY = YES;
				CLANG_WARN_ENUM_CONVERSION = YES;
				CLANG_WARN_INFINITE_RECURSION = YES;
				CLANG_WARN_INT_CONVERSION = YES;
				CLANG_WARN_NON_LITERAL_NULL_CONVERSION = YES;
				CLANG_WARN_OBJC_IMPLICIT_RETAIN_SELF = YES;
				CLANG_WARN_OBJC_LITERAL_CONVERSION = YES;
				CLANG_WARN_OBJC_ROOT_CLASS = YES_ERROR;
				CLANG_WARN_RANGE_LOOP_ANALYSIS = YES;
				CLANG_WARN_STRICT_PROTOTYPES = YES;
				CLANG_WARN_SUSPICIOUS_MOVE = YES;
				CLANG_WARN_UNGUARDED_AVAILABILITY = YES_AGGRESSIVE;
				CLANG_WARN_UNREACHABLE_CODE = YES;
				CLANG_WARN__DUPLICATE_METHOD_MATCH = YES;
				CODE_SIGN_IDENTITY = "iPhone Developer";
				COPY_PHASE_STRIP = NO;
				DEBUG_INFORMATION_FORMAT = "dwarf-with-dsym";
				ENABLE_NS_ASSERTIONS = NO;
				ENABLE_STRICT_OBJC_MSGSEND = YES;
				GCC_C_LANGUAGE_STANDARD = gnu11;
				GCC_NO_COMMON_BLOCKS = YES;
				GCC_WARN_64_TO_32_BIT_CONVERSION = YES;
				GCC_WARN_ABOUT_RETURN_TYPE = YES_ERROR;
				GCC_WARN_UNDECLARED_SELECTOR = YES;
				GCC_WARN_UNINITIALIZED_AUTOS = YES_AGGRESSIVE;
				GCC_WARN_UNUSED_FUNCTION = YES;
				GCC_WARN_UNUSED_VARIABLE = YES;
				IPHONEOS_DEPLOYMENT_TARGET = 10.2;
				MTL_ENABLE_DEBUG_INFO = NO;
				MTL_FAST_MATH = YES;
				SDKROOT = iphoneos;
				SWIFT_COMPILATION_MODE = wholemodule;
				SWIFT_OPTIMIZATION_LEVEL = "-O";
				VALIDATE_PRODUCT = YES;
			};
			name = Release;
		};
		54B12C7621D11FBD00A9E2C1 /* Debug */ = {
			isa = XCBuildConfiguration;
			buildSettings = {
				ASSETCATALOG_COMPILER_APPICON_NAME = AppIcon;
				CODE_SIGN_STYLE = Automatic;
				CURRENT_PROJECT_VERSION = 2;
				DEVELOPMENT_TEAM = 2HJ5E28S9G;
				FRAMEWORK_SEARCH_PATHS = (
					"$(inherited)",
					"$(PROJECT_DIR)",
				);
				INFOPLIST_FILE = signLanguage/Asset/Info.plist;
				LD_RUNPATH_SEARCH_PATHS = (
					"$(inherited)",
					"@executable_path/Frameworks",
				);
				MARKETING_VERSION = 1.2;
				PRODUCT_BUNDLE_IDENTIFIER = "sk.dorteo.sign-language";
				PRODUCT_NAME = "$(TARGET_NAME)";
				SWIFT_VERSION = 5.0;
				TARGETED_DEVICE_FAMILY = "1,2";
			};
			name = Debug;
		};
		54B12C7721D11FBD00A9E2C1 /* Release */ = {
			isa = XCBuildConfiguration;
			buildSettings = {
				ASSETCATALOG_COMPILER_APPICON_NAME = AppIcon;
				CODE_SIGN_STYLE = Automatic;
				CURRENT_PROJECT_VERSION = 2;
				DEVELOPMENT_TEAM = 2HJ5E28S9G;
				FRAMEWORK_SEARCH_PATHS = (
					"$(inherited)",
					"$(PROJECT_DIR)",
				);
				INFOPLIST_FILE = signLanguage/Asset/Info.plist;
				LD_RUNPATH_SEARCH_PATHS = (
					"$(inherited)",
					"@executable_path/Frameworks",
				);
				MARKETING_VERSION = 1.2;
				PRODUCT_BUNDLE_IDENTIFIER = "sk.dorteo.sign-language";
				PRODUCT_NAME = "$(TARGET_NAME)";
				SWIFT_VERSION = 5.0;
				TARGETED_DEVICE_FAMILY = "1,2";
			};
			name = Release;
		};
/* End XCBuildConfiguration section */

/* Begin XCConfigurationList section */
		54B12C5E21D11FBC00A9E2C1 /* Build configuration list for PBXProject "signLanguage" */ = {
			isa = XCConfigurationList;
			buildConfigurations = (
				54B12C7321D11FBD00A9E2C1 /* Debug */,
				54B12C7421D11FBD00A9E2C1 /* Release */,
			);
			defaultConfigurationIsVisible = 0;
			defaultConfigurationName = Release;
		};
		54B12C7521D11FBD00A9E2C1 /* Build configuration list for PBXNativeTarget "signLanguage" */ = {
			isa = XCConfigurationList;
			buildConfigurations = (
				54B12C7621D11FBD00A9E2C1 /* Debug */,
				54B12C7721D11FBD00A9E2C1 /* Release */,
			);
			defaultConfigurationIsVisible = 0;
			defaultConfigurationName = Release;
		};
/* End XCConfigurationList section */

/* Begin XCVersionGroup section */
		5485807821E7C6FA00440282 /* DictionaryDatabase.xcdatamodeld */ = {
			isa = XCVersionGroup;
			children = (
				5485807921E7C6FA00440282 /* DictionaryDatabase.xcdatamodel */,
			);
			currentVersion = 5485807921E7C6FA00440282 /* DictionaryDatabase.xcdatamodel */;
			path = DictionaryDatabase.xcdatamodeld;
			sourceTree = "<group>";
			versionGroupType = wrapper.xcdatamodel;
		};
/* End XCVersionGroup section */
	};
	rootObject = 54B12C5B21D11FBC00A9E2C1 /* Project object */;
}
